
Microsoft Visual Studio Solution File, Format Version 12.00
# Visual Studio 15
VisualStudioVersion = 15.0.27130.2026
MinimumVisualStudioVersion = 10.0.40219.1
Project("{9A19103F-16F7-4668-BE54-9A1E7A4F7556}") = "CentricExpress.WebApi", "CentricExpress\CentricExpress.WebApi.csproj", "{7415D805-4F64-4D49-AEC4-A82F8450C7F1}"
EndProject
Project("{FAE04EC0-301F-11D3-BF4B-00C04F79EFBC}") = "CentricExpress.Business", "CentricExpress.Business\CentricExpress.Business.csproj", "{590D56A5-5E44-4917-8F9A-196BE9070B7B}"
EndProject
Project("{FAE04EC0-301F-11D3-BF4B-00C04F79EFBC}") = "CentricExpress.DataAccess", "CentricExpress.DataAccess\CentricExpress.DataAccess.csproj", "{79FDF611-A14D-426F-8632-216FBBB15CA8}"
EndProject
Project("{FAE04EC0-301F-11D3-BF4B-00C04F79EFBC}") = "CentricExpress.Business.Tests", "CentricExpress.Business.Tests\CentricExpress.Business.Tests.csproj", "{901ED863-492B-4574-BDD0-9421DAEE5665}"
EndProject
Global
	GlobalSection(SolutionConfigurationPlatforms) = preSolution
		Debug|Any CPU = Debug|Any CPU
		Release|Any CPU = Release|Any CPU
	EndGlobalSection
	GlobalSection(ProjectConfigurationPlatforms) = postSolution
		{7415D805-4F64-4D49-AEC4-A82F8450C7F1}.Debug|Any CPU.ActiveCfg = Debug|Any CPU
		{7415D805-4F64-4D49-AEC4-A82F8450C7F1}.Debug|Any CPU.Build.0 = Debug|Any CPU
		{7415D805-4F64-4D49-AEC4-A82F8450C7F1}.Release|Any CPU.ActiveCfg = Release|Any CPU
		{7415D805-4F64-4D49-AEC4-A82F8450C7F1}.Release|Any CPU.Build.0 = Release|Any CPU
		{590D56A5-5E44-4917-8F9A-196BE9070B7B}.Debug|Any CPU.ActiveCfg = Debug|Any CPU
		{590D56A5-5E44-4917-8F9A-196BE9070B7B}.Debug|Any CPU.Build.0 = Debug|Any CPU
		{590D56A5-5E44-4917-8F9A-196BE9070B7B}.Release|Any CPU.ActiveCfg = Release|Any CPU
		{590D56A5-5E44-4917-8F9A-196BE9070B7B}.Release|Any CPU.Build.0 = Release|Any CPU
		{79FDF611-A14D-426F-8632-216FBBB15CA8}.Debug|Any CPU.ActiveCfg = Debug|Any CPU
		{79FDF611-A14D-426F-8632-216FBBB15CA8}.Debug|Any CPU.Build.0 = Debug|Any CPU
		{79FDF611-A14D-426F-8632-216FBBB15CA8}.Release|Any CPU.ActiveCfg = Release|Any CPU
		{79FDF611-A14D-426F-8632-216FBBB15CA8}.Release|Any CPU.Build.0 = Release|Any CPU
		{901ED863-492B-4574-BDD0-9421DAEE5665}.Debug|Any CPU.ActiveCfg = Debug|Any CPU
		{901ED863-492B-4574-BDD0-9421DAEE5665}.Debug|Any CPU.Build.0 = Debug|Any CPU
		{901ED863-492B-4574-BDD0-9421DAEE5665}.Release|Any CPU.ActiveCfg = Release|Any CPU
		{901ED863-492B-4574-BDD0-9421DAEE5665}.Release|Any CPU.Build.0 = Release|Any CPU
	EndGlobalSection
	GlobalSection(SolutionProperties) = preSolution
		HideSolutionNode = FALSE
	EndGlobalSection
	GlobalSection(ExtensibilityGlobals) = postSolution
		SolutionGuid = {4A86A321-AE81-468D-AA61-3D3AD70269CC}
	EndGlobalSection
EndGlobal
